<?xml version="1.0" encoding="utf-8"?>
<Project ToolsVersion="4.0" xmlns="http://schemas.microsoft.com/developer/msbuild/2003">
  <ItemGroup>
    <ClCompile Include="create_matrix.cpp">
      <Filter>Source Files</Filter>
    </ClCompile>
    <ClCompile Include="main.cpp">
      <Filter>Source Files</Filter>
    </ClCompile>
    <ClCompile Include="model_obj.cpp">
      <Filter>Source Files</Filter>
    </ClCompile>
    <ClCompile Include="lodepng.cpp">
      <Filter>Source Files</Filter>
    </ClCompile>
    <ClCompile Include="Camera.cpp">
      <Filter>Source Files</Filter>
    </ClCompile>
    <ClCompile Include="MeshObject.cpp">
      <Filter>Source Files</Filter>
    </ClCompile>
    <ClCompile Include="MaterialObject.cpp">
      <Filter>Source Files</Filter>
    </ClCompile>
    <ClCompile Include="spline\Bezier.cpp">
      <Filter>spline</Filter>
    </ClCompile>
    <ClCompile Include="spline\BSpline.cpp">
      <Filter>spline</Filter>
    </ClCompile>
    <ClCompile Include="spline\CatmullRom.cpp">
      <Filter>spline</Filter>
    </ClCompile>
    <ClCompile Include="spline\Curve.cpp">
      <Filter>spline</Filter>
    </ClCompile>
    <ClCompile Include="spline\Vector.cpp">
      <Filter>spline</Filter>
    </ClCompile>
    <ClCompile Include="MeshObjectUnlitDiffuse.cpp" />
    <ClCompile Include="MeshObjectDiffNormalSpec.cpp" />
  </ItemGroup>
  <ItemGroup>
    <ClInclude Include="Vector3.h">
      <Filter>Header Files</Filter>
    </ClInclude>
    <ClInclude Include="model_obj.h">
      <Filter>Header Files</Filter>
    </ClInclude>
    <ClInclude Include="Matrix4.h">
      <Filter>Header Files</Filter>
    </ClInclude>
    <ClInclude Include="create_matrix.h">
      <Filter>Header Files</Filter>
    </ClInclude>
    <ClInclude Include="lodepng.h">
      <Filter>Header Files</Filter>
    </ClInclude>
    <ClInclude Include="Camera.h">
      <Filter>Header Files</Filter>
    </ClInclude>
    <ClInclude Include="MeshObject.h">
      <Filter>Source Files</Filter>
    </ClInclude>
    <ClInclude Include="MaterialObject.h">
      <Filter>Source Files</Filter>
    </ClInclude>
    <ClInclude Include="spline\Bezier.h">
      <Filter>spline</Filter>
    </ClInclude>
    <ClInclude Include="spline\BSpline.h">
      <Filter>spline</Filter>
    </ClInclude>
    <ClInclude Include="spline\CatmullRom.h">
      <Filter>spline</Filter>
    </ClInclude>
    <ClInclude Include="spline\Curve.h">
      <Filter>spline</Filter>
    </ClInclude>
    <ClInclude Include="spline\Vector.h">
      <Filter>spline</Filter>
    </ClInclude>
    <ClInclude Include="MathExtra.h">
      <Filter>Header Files</Filter>
    </ClInclude>
    <ClInclude Include="MeshObjectUnlitDiffuse.h" />
    <ClInclude Include="MeshObjectDiffNormalSpec.h" />
  </ItemGroup>
  <ItemGroup>
    <Filter Include="shaders">
      <UniqueIdentifier>{7893976b-5646-46fd-a6e9-6967702a0902}</UniqueIdentifier>
    </Filter>
    <Filter Include="Source Files">
      <UniqueIdentifier>{2b3a745f-5393-449f-ab54-8ca046990882}</UniqueIdentifier>
    </Filter>
    <Filter Include="Header Files">
      <UniqueIdentifier>{cee892d5-353e-412a-96fb-0b973deb8b96}</UniqueIdentifier>
    </Filter>
    <Filter Include="spline">
      <UniqueIdentifier>{09eb4e2a-9237-4c53-a42d-a6ed90115e0a}</UniqueIdentifier>
    </Filter>
  </ItemGroup>
  <ItemGroup>
    <None Include="shaders\shader.ass2.f.glsl">
      <Filter>shaders</Filter>
    </None>
    <None Include="shaders\shader.ass2.v.glsl">
      <Filter>shaders</Filter>
    </None>
    <None Include="shaders\shader.tutor6.f.glsl">
      <Filter>shaders</Filter>
    </None>
    <None Include="shaders\shader.tutor6.v.glsl">
      <Filter>shaders</Filter>
    </None>
    <None Include="shaders\fshader.glsl">
      <Filter>shaders</Filter>
    </None>
    <None Include="shaders\vshader.glsl">
      <Filter>shaders</Filter>
    </None>
    <None Include="shaders\shader.ass3attempt2.f.glsl">
      <Filter>shaders</Filter>
    </None>
    <None Include="shaders\shader.ass3attempt2.v.glsl">
      <Filter>shaders</Filter>
    </None>
  </ItemGroup>
</Project>